# THIS IS AN AUTOGENERATED FILE. DO NOT EDIT THIS FILE DIRECTLY.
# yarn lockfile v1


"@yandex/ymaps3-default-ui-theme@>=0.0.10":
  version "0.0.19"
  resolved "https://registry.yarnpkg.com/@yandex/ymaps3-default-ui-theme/-/ymaps3-default-ui-theme-0.0.19.tgz#f13b7234c3c7841eb0fa057bc7fda905ddd27e4e"
  integrity sha512-kjrlmrUQ9OnULbSnZ+AkwHeN/QG3B6rEUcA8MXs3ai33inyWU3n+ivsW2Ezbcw5e6+QiG4h5wg1c32qZJWI+ig==

"@yandex/ymaps3-types@>=0.0.28":
  version "1.0.15505218"
  resolved "https://registry.yarnpkg.com/@yandex/ymaps3-types/-/ymaps3-types-1.0.15505218.tgz#9a4bbb09b30d0f83d18f34b0d28a4d2297e8bc5e"
  integrity sha512-VAHDlqYRwqXlaItSdfUi37Egk+yg8BxjFV6K587JNc5CpL64oP0sR0UbuOuNFlQKnZZD2XT+EXQ1UROxspFZYA==

vue-yandex-maps@^2.2.0-beta.1:
  version "2.2.0-beta.1"
  resolved "https://registry.yarnpkg.com/vue-yandex-maps/-/vue-yandex-maps-2.2.0-beta.1.tgz#f148241dbcc86e2df02ff3edc20f5bab7ca8f642"
  integrity sha512-S5xTds6UdQbxxKjxljj6zxNviOlHUpapSO1m0r/kEUatta4Mw1UC3rbyaeNmBQTuD70rp2kq0Si5aWCShFIQeA==
  dependencies:
    "@yandex/ymaps3-default-ui-theme" ">=0.0.10"
    "@yandex/ymaps3-types" ">=0.0.28"
